
Microsoft Visual Studio Solution File, Format Version 12.00
# Visual Studio 15
VisualStudioVersion = 15.0.27428.2037
MinimumVisualStudioVersion = 10.0.40219.1
Project("{8BC9CEB8-8B4A-11D0-8D11-00A0C91BC942}") = "Vika_3", "Vika_3\Vika_3.vcxproj", "{882A40F1-62A9-4A16-97B1-DEE7D6CAE220}"
EndProject
Global
	GlobalSection(SolutionConfigurationPlatforms) = preSolution
		Debug|x64 = Debug|x64
		Debug|x86 = Debug|x86
		Release|x64 = Release|x64
		Release|x86 = Release|x86
	EndGlobalSection
	GlobalSection(ProjectConfigurationPlatforms) = postSolution
		{882A40F1-62A9-4A16-97B1-DEE7D6CAE220}.Debug|x64.ActiveCfg = Debug|x64
		{882A40F1-62A9-4A16-97B1-DEE7D6CAE220}.Debug|x64.Build.0 = Debug|x64
		{882A40F1-62A9-4A16-97B1-DEE7D6CAE220}.Debug|x86.ActiveCfg = Debug|Win32
		{882A40F1-62A9-4A16-97B1-DEE7D6CAE220}.Debug|x86.Build.0 = Debug|Win32
		{882A40F1-62A9-4A16-97B1-DEE7D6CAE220}.Release|x64.ActiveCfg = Release|x64
		{882A40F1-62A9-4A16-97B1-DEE7D6CAE220}.Release|x64.Build.0 = Release|x64
		{882A40F1-62A9-4A16-97B1-DEE7D6CAE220}.Release|x86.ActiveCfg = Release|Win32
		{882A40F1-62A9-4A16-97B1-DEE7D6CAE220}.Release|x86.Build.0 = Release|Win32
	EndGlobalSection
	GlobalSection(SolutionProperties) = preSolution
		HideSolutionNode = FALSE
	EndGlobalSection
	GlobalSection(ExtensibilityGlobals) = postSolution
		SolutionGuid = {A3D629FD-EDDB-42D9-98CF-613A242A2733}
	EndGlobalSection
EndGlobal
